{
  "name": "dental_clinic_management",
  "version": "1.0.0",
  "lockfileVersion": 3,
  "requires": true,
  "packages": {
    "": {
      "name": "dental_clinic_management",
      "version": "1.0.0",
      "license": "ISC",
      "dependencies": {
        "dental_clinic_management": "file:"
      }
    },
    "node_modules/dental_clinic_management": {
      "version": "1.0.0",
      "resolved": "file:",
      "license": "ISC"
    }
  }
}
